
Microsoft Visual Studio Solution File, Format Version 12.00
# Visual Studio 15
VisualStudioVersion = 15.0.27703.2042
MinimumVisualStudioVersion = 10.0.40219.1
Project("{9A19103F-16F7-4668-BE54-9A1E7A4F7556}") = "Ymf825.JapariOrgel", "Ymf825.JapariOrgel\Ymf825.JapariOrgel.csproj", "{E7212D42-4691-45DA-86D1-35778FDAA9D1}"
EndProject
Global
	GlobalSection(SolutionConfigurationPlatforms) = preSolution
		Debug|Any CPU = Debug|Any CPU
		Release|Any CPU = Release|Any CPU
	EndGlobalSection
	GlobalSection(ProjectConfigurationPlatforms) = postSolution
		{E7212D42-4691-45DA-86D1-35778FDAA9D1}.Debug|Any CPU.ActiveCfg = Debug|Any CPU
		{E7212D42-4691-45DA-86D1-35778FDAA9D1}.Debug|Any CPU.Build.0 = Debug|Any CPU
		{E7212D42-4691-45DA-86D1-35778FDAA9D1}.Release|Any CPU.ActiveCfg = Release|Any CPU
		{E7212D42-4691-45DA-86D1-35778FDAA9D1}.Release|Any CPU.Build.0 = Release|Any CPU
	EndGlobalSection
	GlobalSection(SolutionProperties) = preSolution
		HideSolutionNode = FALSE
	EndGlobalSection
	GlobalSection(ExtensibilityGlobals) = postSolution
		SolutionGuid = {99824FD2-6166-43FE-9567-7EF6264FB65D}
	EndGlobalSection
EndGlobal
